# @generated by Move, please check-in and do not edit manually.

[move]
version = 3
manifest_digest = "35FFC48D2C6B15A362526B9B28EFB067AD306D966749B1F2383ABCFE0FF894D5"
deps_digest = "F8BBB0CCB2491CA29A3DF03D6F92277A4F3574266507ACD77214D37ECA3F3082"
dependencies = [
  { id = "Sui", name = "Sui" },
]

[[move.package]]
id = "MoveStdlib"
source = { git = "https://github.com/MystenLabs/sui.git", rev = "framework/testnet", subdir = "crates/sui-framework/packages/move-stdlib" }

[[move.package]]
id = "Sui"
source = { git = "https://github.com/MystenLabs/sui.git", rev = "framework/testnet", subdir = "crates/sui-framework/packages/sui-framework" }

dependencies = [
  { id = "MoveStdlib", name = "MoveStdlib" },
]

[move.toolchain-version]
compiler-version = "1.52.2"
edition = "2024.beta"
flavor = "sui"

[env]

[env.testnet]
chain-id = "4c78adac"
original-published-id = "0xfa3e12bc4632fc5b4c8bb0e39255c22a2e09d93657a5a7f8206b347e526b8a45"
latest-published-id = "0xfa3e12bc4632fc5b4c8bb0e39255c22a2e09d93657a5a7f8206b347e526b8a45"
published-version = "1"
